
Microsoft Visual Studio Solution File, Format Version 12.00
# Visual Studio 2013
VisualStudioVersion = 12.0.31101.0
MinimumVisualStudioVersion = 10.0.40219.1
Project("{FAE04EC0-301F-11D3-BF4B-00C04F79EFBC}") = "GeneticSearch", "GeneticSearch\GeneticSearch.csproj", "{89461BA6-1F9F-4E90-BEEA-7412868827DD}"
EndProject
Project("{FAE04EC0-301F-11D3-BF4B-00C04F79EFBC}") = "GeneticSearch.UnitTests", "GeneticSearch.UnitTests\GeneticSearch.UnitTests.csproj", "{EAE5827F-B420-4BF8-94F3-D37B46BD7D87}"
EndProject
Project("{2150E333-8FDC-42A3-9474-1A3956D46DE8}") = ".nuget", ".nuget", "{5ADE8E33-3607-40E5-9710-9F280958ED07}"
	ProjectSection(SolutionItems) = preProject
		.nuget\NuGet.Config = .nuget\NuGet.Config
		.nuget\NuGet.exe = .nuget\NuGet.exe
		.nuget\NuGet.targets = .nuget\NuGet.targets
	EndProjectSection
EndProject
Global
	GlobalSection(SolutionConfigurationPlatforms) = preSolution
		Debug|Any CPU = Debug|Any CPU
		Release|Any CPU = Release|Any CPU
	EndGlobalSection
	GlobalSection(ProjectConfigurationPlatforms) = postSolution
		{89461BA6-1F9F-4E90-BEEA-7412868827DD}.Debug|Any CPU.ActiveCfg = Debug|Any CPU
		{89461BA6-1F9F-4E90-BEEA-7412868827DD}.Debug|Any CPU.Build.0 = Debug|Any CPU
		{89461BA6-1F9F-4E90-BEEA-7412868827DD}.Release|Any CPU.ActiveCfg = Release|Any CPU
		{89461BA6-1F9F-4E90-BEEA-7412868827DD}.Release|Any CPU.Build.0 = Release|Any CPU
		{EAE5827F-B420-4BF8-94F3-D37B46BD7D87}.Debug|Any CPU.ActiveCfg = Debug|Any CPU
		{EAE5827F-B420-4BF8-94F3-D37B46BD7D87}.Debug|Any CPU.Build.0 = Debug|Any CPU
		{EAE5827F-B420-4BF8-94F3-D37B46BD7D87}.Release|Any CPU.ActiveCfg = Release|Any CPU
		{EAE5827F-B420-4BF8-94F3-D37B46BD7D87}.Release|Any CPU.Build.0 = Release|Any CPU
	EndGlobalSection
	GlobalSection(SolutionProperties) = preSolution
		HideSolutionNode = FALSE
	EndGlobalSection
EndGlobal
